
Microsoft Visual Studio Solution File, Format Version 12.00
# Visual Studio Version 16
VisualStudioVersion = 16.0.30011.22
MinimumVisualStudioVersion = 10.0.40219.1
Project("{FAE04EC0-301F-11D3-BF4B-00C04F79EFBC}") = "VideoStateAxis", "VideoStateAxis\VideoStateAxis.csproj", "{C5DC4E69-C26F-4E0D-BA9A-0950A4C15D69}"
EndProject
Project("{FAE04EC0-301F-11D3-BF4B-00C04F79EFBC}") = "Demo", "Demo\Demo.csproj", "{DB545297-421D-48C7-B8D1-4344CA7AE080}"
EndProject
Global
	GlobalSection(SolutionConfigurationPlatforms) = preSolution
		Debug|Any CPU = Debug|Any CPU
		Release|Any CPU = Release|Any CPU
	EndGlobalSection
	GlobalSection(ProjectConfigurationPlatforms) = postSolution
		{C5DC4E69-C26F-4E0D-BA9A-0950A4C15D69}.Debug|Any CPU.ActiveCfg = Debug|Any CPU
		{C5DC4E69-C26F-4E0D-BA9A-0950A4C15D69}.Debug|Any CPU.Build.0 = Debug|Any CPU
		{C5DC4E69-C26F-4E0D-BA9A-0950A4C15D69}.Release|Any CPU.ActiveCfg = Release|Any CPU
		{C5DC4E69-C26F-4E0D-BA9A-0950A4C15D69}.Release|Any CPU.Build.0 = Release|Any CPU
		{DB545297-421D-48C7-B8D1-4344CA7AE080}.Debug|Any CPU.ActiveCfg = Debug|Any CPU
		{DB545297-421D-48C7-B8D1-4344CA7AE080}.Debug|Any CPU.Build.0 = Debug|Any CPU
		{DB545297-421D-48C7-B8D1-4344CA7AE080}.Release|Any CPU.ActiveCfg = Release|Any CPU
		{DB545297-421D-48C7-B8D1-4344CA7AE080}.Release|Any CPU.Build.0 = Release|Any CPU
	EndGlobalSection
	GlobalSection(SolutionProperties) = preSolution
		HideSolutionNode = FALSE
	EndGlobalSection
	GlobalSection(ExtensibilityGlobals) = postSolution
		SolutionGuid = {258197CE-3808-4CEB-AC0F-0EA1755D8F19}
	EndGlobalSection
EndGlobal
